
Microsoft Visual Studio Solution File, Format Version 12.00
# Visual Studio 15
VisualStudioVersion = 15.0.28010.2036
MinimumVisualStudioVersion = 10.0.40219.1
Project("{FAE04EC0-301F-11D3-BF4B-00C04F79EFBC}") = "Clase", "Clase\Clase.csproj", "{D8591A95-A2E9-493D-8CED-45D82E3CF174}"
EndProject
Global
	GlobalSection(SolutionConfigurationPlatforms) = preSolution
		Debug|Any CPU = Debug|Any CPU
		Release|Any CPU = Release|Any CPU
	EndGlobalSection
	GlobalSection(ProjectConfigurationPlatforms) = postSolution
		{D8591A95-A2E9-493D-8CED-45D82E3CF174}.Debug|Any CPU.ActiveCfg = Debug|Any CPU
		{D8591A95-A2E9-493D-8CED-45D82E3CF174}.Debug|Any CPU.Build.0 = Debug|Any CPU
		{D8591A95-A2E9-493D-8CED-45D82E3CF174}.Release|Any CPU.ActiveCfg = Release|Any CPU
		{D8591A95-A2E9-493D-8CED-45D82E3CF174}.Release|Any CPU.Build.0 = Release|Any CPU
	EndGlobalSection
	GlobalSection(SolutionProperties) = preSolution
		HideSolutionNode = FALSE
	EndGlobalSection
	GlobalSection(ExtensibilityGlobals) = postSolution
		SolutionGuid = {8C205457-E4A3-4F60-B3F6-5F7E5C89AE67}
	EndGlobalSection
EndGlobal
