
Microsoft Visual Studio Solution File, Format Version 12.00
# Visual Studio 15
VisualStudioVersion = 15.0.28010.2036
MinimumVisualStudioVersion = 10.0.40219.1
Project("{FAE04EC0-301F-11D3-BF4B-00C04F79EFBC}") = "tiposDeDatos", "tiposDeDatos\tiposDeDatos.csproj", "{E43F5C42-0E42-4061-874E-31AC71BD720D}"
EndProject
Global
	GlobalSection(SolutionConfigurationPlatforms) = preSolution
		Debug|Any CPU = Debug|Any CPU
		Release|Any CPU = Release|Any CPU
	EndGlobalSection
	GlobalSection(ProjectConfigurationPlatforms) = postSolution
		{E43F5C42-0E42-4061-874E-31AC71BD720D}.Debug|Any CPU.ActiveCfg = Debug|Any CPU
		{E43F5C42-0E42-4061-874E-31AC71BD720D}.Debug|Any CPU.Build.0 = Debug|Any CPU
		{E43F5C42-0E42-4061-874E-31AC71BD720D}.Release|Any CPU.ActiveCfg = Release|Any CPU
		{E43F5C42-0E42-4061-874E-31AC71BD720D}.Release|Any CPU.Build.0 = Release|Any CPU
	EndGlobalSection
	GlobalSection(SolutionProperties) = preSolution
		HideSolutionNode = FALSE
	EndGlobalSection
	GlobalSection(ExtensibilityGlobals) = postSolution
		SolutionGuid = {3BBC44A1-3E3D-47DC-A951-024F63664B4A}
	EndGlobalSection
EndGlobal
