
Microsoft Visual Studio Solution File, Format Version 12.00
# Visual Studio 15
VisualStudioVersion = 15.0.28010.2036
MinimumVisualStudioVersion = 10.0.40219.1
Project("{FAE04EC0-301F-11D3-BF4B-00C04F79EFBC}") = "herencias", "herencias\herencias.csproj", "{0E963F93-A42F-49CE-8B3C-EF263A5FB513}"
EndProject
Global
	GlobalSection(SolutionConfigurationPlatforms) = preSolution
		Debug|Any CPU = Debug|Any CPU
		Release|Any CPU = Release|Any CPU
	EndGlobalSection
	GlobalSection(ProjectConfigurationPlatforms) = postSolution
		{0E963F93-A42F-49CE-8B3C-EF263A5FB513}.Debug|Any CPU.ActiveCfg = Debug|Any CPU
		{0E963F93-A42F-49CE-8B3C-EF263A5FB513}.Debug|Any CPU.Build.0 = Debug|Any CPU
		{0E963F93-A42F-49CE-8B3C-EF263A5FB513}.Release|Any CPU.ActiveCfg = Release|Any CPU
		{0E963F93-A42F-49CE-8B3C-EF263A5FB513}.Release|Any CPU.Build.0 = Release|Any CPU
	EndGlobalSection
	GlobalSection(SolutionProperties) = preSolution
		HideSolutionNode = FALSE
	EndGlobalSection
	GlobalSection(ExtensibilityGlobals) = postSolution
		SolutionGuid = {EB866419-BB5E-4942-950F-13AB27E06845}
	EndGlobalSection
EndGlobal
